# THIS IS AN AUTOGENERATED FILE. DO NOT EDIT THIS FILE DIRECTLY.
# yarn lockfile v1


"@babel/code-frame@7.0.0-beta.55":
  version "7.0.0-beta.55"
  resolved "https://registry.yarnpkg.com/@babel/code-frame/-/code-frame-7.0.0-beta.55.tgz#71f530e7b010af5eb7a7df7752f78921dd57e9ee"
  dependencies:
    "@babel/highlight" "7.0.0-beta.55"

"@babel/core@^7.0.0-beta.55":
  version "7.0.0-beta.55"
  resolved "https://registry.yarnpkg.com/@babel/core/-/core-7.0.0-beta.55.tgz#9e17c34b5ac855e427c98f570915a17fcc6bab4a"
  dependencies:
    "@babel/code-frame" "7.0.0-beta.55"
    "@babel/generator" "7.0.0-beta.55"
    "@babel/helpers" "7.0.0-beta.55"
    "@babel/parser" "7.0.0-beta.55"
    "@babel/template" "7.0.0-beta.55"
    "@babel/traverse" "7.0.0-beta.55"
    "@babel/types" "7.0.0-beta.55"
    convert-source-map "^1.1.0"
    debug "^3.1.0"
    json5 "^0.5.0"
    lodash "^4.17.10"
    resolve "^1.3.2"
    semver "^5.4.1"
    source-map "^0.5.0"

"@babel/generator@7.0.0-beta.55":
  version "7.0.0-beta.55"
  resolved "https://registry.yarnpkg.com/@babel/generator/-/generator-7.0.0-beta.55.tgz#8ec11152dcc398bae35dd181122704415c383a01"
  dependencies:
    "@babel/types" "7.0.0-beta.55"
    jsesc "^2.5.1"
    lodash "^4.17.10"
    source-map "^0.5.0"
    trim-right "^1.0.1"

"@babel/helper-function-name@7.0.0-beta.55":
  version "7.0.0-beta.55"
  resolved "https://registry.yarnpkg.com/@babel/helper-function-name/-/helper-function-name-7.0.0-beta.55.tgz#16aab21380a2eabcee3328d21b9586ba3427dbef"
  dependencies:
    "@babel/helper-get-function-arity" "7.0.0-beta.55"
    "@babel/template" "7.0.0-beta.55"
    "@babel/types" "7.0.0-beta.55"

"@babel/helper-get-function-arity@7.0.0-beta.55":
  version "7.0.0-beta.55"
  resolved "https://registry.yarnpkg.com/@babel/helper-get-function-arity/-/helper-get-function-arity-7.0.0-beta.55.tgz#8559ded96ecd3b626f9c1f57494edc4fa3cc6a94"
  dependencies:
    "@babel/types" "7.0.0-beta.55"

"@babel/helper-member-expression-to-functions@7.0.0-beta.55":
  version "7.0.0-beta.55"
  resolved "https://registry.yarnpkg.com/@babel/helper-member-expression-to-functions/-/helper-member-expression-to-functions-7.0.0-beta.55.tgz#823d254bc9bd019a529fe2ab7f9e1d26870c5e50"
  dependencies:
    "@babel/types" "7.0.0-beta.55"

"@babel/helper-optimise-call-expression@7.0.0-beta.55":
  version "7.0.0-beta.55"
  resolved "https://registry.yarnpkg.com/@babel/helper-optimise-call-expression/-/helper-optimise-call-expression-7.0.0-beta.55.tgz#57fdc6898bc53f02da78bf4a39509d4dfc3b33cb"
  dependencies:
    "@babel/types" "7.0.0-beta.55"

"@babel/helper-plugin-utils@7.0.0-beta.55":
  version "7.0.0-beta.55"
  resolved "https://registry.yarnpkg.com/@babel/helper-plugin-utils/-/helper-plugin-utils-7.0.0-beta.55.tgz#31f40777efd6b961da8496a923c22d2b062b3f73"

"@babel/helper-replace-supers@7.0.0-beta.55":
  version "7.0.0-beta.55"
  resolved "https://registry.yarnpkg.com/@babel/helper-replace-supers/-/helper-replace-supers-7.0.0-beta.55.tgz#d588ad863990f35d8b0f67aa94ef8eec24171855"
  dependencies:
    "@babel/helper-member-expression-to-functions" "7.0.0-beta.55"
    "@babel/helper-optimise-call-expression" "7.0.0-beta.55"
    "@babel/traverse" "7.0.0-beta.55"
    "@babel/types" "7.0.0-beta.55"

"@babel/helper-split-export-declaration@7.0.0-beta.55":
  version "7.0.0-beta.55"
  resolved "https://registry.yarnpkg.com/@babel/helper-split-export-declaration/-/helper-split-export-declaration-7.0.0-beta.55.tgz#ecb8074bf2d22c6518a252282535def137a8704f"
  dependencies:
    "@babel/types" "7.0.0-beta.55"

"@babel/helpers@7.0.0-beta.55":
  version "7.0.0-beta.55"
  resolved "https://registry.yarnpkg.com/@babel/helpers/-/helpers-7.0.0-beta.55.tgz#d0b4b9a327dba42d58890011deb905c820739617"
  dependencies:
    "@babel/template" "7.0.0-beta.55"
    "@babel/traverse" "7.0.0-beta.55"
    "@babel/types" "7.0.0-beta.55"

"@babel/highlight@7.0.0-beta.55":
  version "7.0.0-beta.55"
  resolved "https://registry.yarnpkg.com/@babel/highlight/-/highlight-7.0.0-beta.55.tgz#988653647d629c261dae156e74d5f0252ba520c0"
  dependencies:
    chalk "^2.0.0"
    esutils "^2.0.2"
    js-tokens "^3.0.0"

"@babel/parser@7.0.0-beta.55":
  version "7.0.0-beta.55"
  resolved "https://registry.yarnpkg.com/@babel/parser/-/parser-7.0.0-beta.55.tgz#0a527efc148c6c8cd85d5ffddacad817a2daeeb2"

"@babel/plugin-proposal-class-properties@^7.0.0-beta.55":
  version "7.0.0-beta.55"
  resolved "https://registry.yarnpkg.com/@babel/plugin-proposal-class-properties/-/plugin-proposal-class-properties-7.0.0-beta.55.tgz#d90792b5b4279e708f7c2a30bdad489dc398c57f"
  dependencies:
    "@babel/helper-function-name" "7.0.0-beta.55"
    "@babel/helper-member-expression-to-functions" "7.0.0-beta.55"
    "@babel/helper-optimise-call-expression" "7.0.0-beta.55"
    "@babel/helper-plugin-utils" "7.0.0-beta.55"
    "@babel/helper-replace-supers" "7.0.0-beta.55"
    "@babel/plugin-syntax-class-properties" "7.0.0-beta.55"

"@babel/plugin-proposal-export-default-from@^7.0.0-beta.55":
  version "7.0.0-beta.55"
  resolved "https://registry.yarnpkg.com/@babel/plugin-proposal-export-default-from/-/plugin-proposal-export-default-from-7.0.0-beta.55.tgz#1bb6789c80087f77a2a7484a8e6183b6f07de5cb"
  dependencies:
    "@babel/helper-plugin-utils" "7.0.0-beta.55"
    "@babel/plugin-syntax-export-default-from" "7.0.0-beta.55"

"@babel/plugin-proposal-export-namespace-from@^7.0.0-beta.55":
  version "7.0.0-beta.55"
  resolved "https://registry.yarnpkg.com/@babel/plugin-proposal-export-namespace-from/-/plugin-proposal-export-namespace-from-7.0.0-beta.55.tgz#00d46ff9ee371601865d4c4610c359610960d5b2"
  dependencies:
    "@babel/helper-plugin-utils" "7.0.0-beta.55"
    "@babel/plugin-syntax-export-namespace-from" "7.0.0-beta.55"

"@babel/plugin-proposal-json-strings@^7.0.0-beta.55":
  version "7.0.0-beta.55"
  resolved "https://registry.yarnpkg.com/@babel/plugin-proposal-json-strings/-/plugin-proposal-json-strings-7.0.0-beta.55.tgz#138372614ad0c75bc8cb62bd01e819d725156dfe"
  dependencies:
    "@babel/helper-plugin-utils" "7.0.0-beta.55"
    "@babel/plugin-syntax-json-strings" "7.0.0-beta.55"

"@babel/plugin-proposal-nullish-coalescing-operator@^7.0.0-beta.55":
  version "7.0.0-beta.55"
  resolved "https://registry.yarnpkg.com/@babel/plugin-proposal-nullish-coalescing-operator/-/plugin-proposal-nullish-coalescing-operator-7.0.0-beta.55.tgz#c7167e03e2685b8026d2eb5d8601383988ceaab5"
  dependencies:
    "@babel/helper-plugin-utils" "7.0.0-beta.55"
    "@babel/plugin-syntax-nullish-coalescing-operator" "7.0.0-beta.55"

"@babel/plugin-proposal-optional-chaining@^7.0.0-beta.55":
  version "7.0.0-beta.55"
  resolved "https://registry.yarnpkg.com/@babel/plugin-proposal-optional-chaining/-/plugin-proposal-optional-chaining-7.0.0-beta.55.tgz#30b771bf8c9c140a52fe3d7ace755eac402acc03"
  dependencies:
    "@babel/helper-plugin-utils" "7.0.0-beta.55"
    "@babel/plugin-syntax-optional-chaining" "7.0.0-beta.55"

"@babel/plugin-syntax-class-properties@7.0.0-beta.55":
  version "7.0.0-beta.55"
  resolved "https://registry.yarnpkg.com/@babel/plugin-syntax-class-properties/-/plugin-syntax-class-properties-7.0.0-beta.55.tgz#ecef94fba98b5ecba8a49991c0ab30de6723dc94"
  dependencies:
    "@babel/helper-plugin-utils" "7.0.0-beta.55"

"@babel/plugin-syntax-dynamic-import@^7.0.0-beta.55":
  version "7.0.0-beta.55"
  resolved "https://registry.yarnpkg.com/@babel/plugin-syntax-dynamic-import/-/plugin-syntax-dynamic-import-7.0.0-beta.55.tgz#bcefae7e8f7a85a5d56de54b02079998b98b7cd6"
  dependencies:
    "@babel/helper-plugin-utils" "7.0.0-beta.55"

"@babel/plugin-syntax-export-default-from@7.0.0-beta.55":
  version "7.0.0-beta.55"
  resolved "https://registry.yarnpkg.com/@babel/plugin-syntax-export-default-from/-/plugin-syntax-export-default-from-7.0.0-beta.55.tgz#78c9621a01df5aa2892bfe45911cc55bf45f9982"
  dependencies:
    "@babel/helper-plugin-utils" "7.0.0-beta.55"

"@babel/plugin-syntax-export-namespace-from@7.0.0-beta.55":
  version "7.0.0-beta.55"
  resolved "https://registry.yarnpkg.com/@babel/plugin-syntax-export-namespace-from/-/plugin-syntax-export-namespace-from-7.0.0-beta.55.tgz#1542c60754390da81e6e02f03c265e0d445f8b69"
  dependencies:
    "@babel/helper-plugin-utils" "7.0.0-beta.55"

"@babel/plugin-syntax-import-meta@^7.0.0-beta.55":
  version "7.0.0-beta.55"
  resolved "https://registry.yarnpkg.com/@babel/plugin-syntax-import-meta/-/plugin-syntax-import-meta-7.0.0-beta.55.tgz#53b2cb3b288c2ff2614a24cf094ae340c5c8b11b"
  dependencies:
    "@babel/helper-plugin-utils" "7.0.0-beta.55"

"@babel/plugin-syntax-json-strings@7.0.0-beta.55":
  version "7.0.0-beta.55"
  resolved "https://registry.yarnpkg.com/@babel/plugin-syntax-json-strings/-/plugin-syntax-json-strings-7.0.0-beta.55.tgz#86644d0aff8263d52bad029f261bae0e21b3b7bd"
  dependencies:
    "@babel/helper-plugin-utils" "7.0.0-beta.55"

"@babel/plugin-syntax-nullish-coalescing-operator@7.0.0-beta.55":
  version "7.0.0-beta.55"
  resolved "https://registry.yarnpkg.com/@babel/plugin-syntax-nullish-coalescing-operator/-/plugin-syntax-nullish-coalescing-operator-7.0.0-beta.55.tgz#3329baa514ee5ad830d0507e196b4d1db83c20e5"
  dependencies:
    "@babel/helper-plugin-utils" "7.0.0-beta.55"

"@babel/plugin-syntax-optional-chaining@7.0.0-beta.55":
  version "7.0.0-beta.55"
  resolved "https://registry.yarnpkg.com/@babel/plugin-syntax-optional-chaining/-/plugin-syntax-optional-chaining-7.0.0-beta.55.tgz#8e6027315419617dd50b7cbbba917d516cd66772"
  dependencies:
    "@babel/helper-plugin-utils" "7.0.0-beta.55"

"@babel/template@7.0.0-beta.55":
  version "7.0.0-beta.55"
  resolved "https://registry.yarnpkg.com/@babel/template/-/template-7.0.0-beta.55.tgz#c6cab0e2722ba5e33fe034073b6d31673aba326e"
  dependencies:
    "@babel/code-frame" "7.0.0-beta.55"
    "@babel/parser" "7.0.0-beta.55"
    "@babel/types" "7.0.0-beta.55"
    lodash "^4.17.10"

"@babel/traverse@7.0.0-beta.55":
  version "7.0.0-beta.55"
  resolved "https://registry.yarnpkg.com/@babel/traverse/-/traverse-7.0.0-beta.55.tgz#50be5d0fcc5cc4ac020a7b0c519be8dae345d4be"
  dependencies:
    "@babel/code-frame" "7.0.0-beta.55"
    "@babel/generator" "7.0.0-beta.55"
    "@babel/helper-function-name" "7.0.0-beta.55"
    "@babel/helper-split-export-declaration" "7.0.0-beta.55"
    "@babel/parser" "7.0.0-beta.55"
    "@babel/types" "7.0.0-beta.55"
    debug "^3.1.0"
    globals "^11.1.0"
    lodash "^4.17.10"

"@babel/types@7.0.0-beta.55":
  version "7.0.0-beta.55"
  resolved "https://registry.yarnpkg.com/@babel/types/-/types-7.0.0-beta.55.tgz#7755c9d2e58315a64f05d8cf3322379be16d9199"
  dependencies:
    esutils "^2.0.2"
    lodash "^4.17.10"
    to-fast-properties "^2.0.0"

ansi-styles@^3.2.1:
  version "3.2.1"
  resolved "https://registry.yarnpkg.com/ansi-styles/-/ansi-styles-3.2.1.tgz#41fbb20243e50b12be0f04b8dedbf07520ce841d"
  dependencies:
    color-convert "^1.9.0"

chalk@^2.0.0:
  version "2.4.1"
  resolved "https://registry.yarnpkg.com/chalk/-/chalk-2.4.1.tgz#18c49ab16a037b6eb0152cc83e3471338215b66e"
  dependencies:
    ansi-styles "^3.2.1"
    escape-string-regexp "^1.0.5"
    supports-color "^5.3.0"

color-convert@^1.9.0:
  version "1.9.2"
  resolved "https://registry.yarnpkg.com/color-convert/-/color-convert-1.9.2.tgz#49881b8fba67df12a96bdf3f56c0aab9e7913147"
  dependencies:
    color-name "1.1.1"

color-name@1.1.1:
  version "1.1.1"
  resolved "https://registry.yarnpkg.com/color-name/-/color-name-1.1.1.tgz#4b1415304cf50028ea81643643bd82ea05803689"

convert-source-map@^1.1.0:
  version "1.5.1"
  resolved "https://registry.yarnpkg.com/convert-source-map/-/convert-source-map-1.5.1.tgz#b8278097b9bc229365de5c62cf5fcaed8b5599e5"

debug@^3.1.0:
  version "3.1.0"
  resolved "https://registry.yarnpkg.com/debug/-/debug-3.1.0.tgz#5bb5a0672628b64149566ba16819e61518c67261"
  dependencies:
    ms "2.0.0"

escape-string-regexp@^1.0.5:
  version "1.0.5"
  resolved "https://registry.yarnpkg.com/escape-string-regexp/-/escape-string-regexp-1.0.5.tgz#1b61c0562190a8dff6ae3bb2cf0200ca130b86d4"

esutils@^2.0.2:
  version "2.0.2"
  resolved "https://registry.yarnpkg.com/esutils/-/esutils-2.0.2.tgz#0abf4f1caa5bcb1f7a9d8acc6dea4faaa04bac9b"

globals@^11.1.0:
  version "11.7.0"
  resolved "https://registry.yarnpkg.com/globals/-/globals-11.7.0.tgz#a583faa43055b1aca771914bf68258e2fc125673"

has-flag@^3.0.0:
  version "3.0.0"
  resolved "https://registry.yarnpkg.com/has-flag/-/has-flag-3.0.0.tgz#b5d454dc2199ae225699f3467e5a07f3b955bafd"

js-tokens@^3.0.0:
  version "3.0.2"
  resolved "https://registry.yarnpkg.com/js-tokens/-/js-tokens-3.0.2.tgz#9866df395102130e38f7f996bceb65443209c25b"

jsesc@^2.5.1:
  version "2.5.1"
  resolved "https://registry.yarnpkg.com/jsesc/-/jsesc-2.5.1.tgz#e421a2a8e20d6b0819df28908f782526b96dd1fe"

json5@^0.5.0:
  version "0.5.1"
  resolved "https://registry.yarnpkg.com/json5/-/json5-0.5.1.tgz#1eade7acc012034ad84e2396767ead9fa5495821"

lodash@4.17.14:
  version "4.17.14"
  resolved "https://registry.yarnpkg.com/lodash/-/lodash-4.17.14.tgz#9ce487ae66c96254fe20b599f21b6816028078ba"
  integrity sha512-mmKYbW3GLuJeX+iGP+Y7Gp1AiGHGbXHCOh/jZmrawMmsE7MS4znI3RL2FsjbqOyMayHInjOeykW7PEajUk1/xw==

lodash@4.17.19, lodash@^4.17.10:
  version "4.17.19"
  resolved "https://registry.yarnpkg.com/lodash/-/lodash-4.17.19.tgz#e48ddedbe30b3321783c5b4301fbd353bc1e4a4b"
  integrity sha512-JNvd8XER9GQX0v2qJgsaN/mzFCNA5BRe/j8JN9d+tWyGLSodKQHKFicdwNYzWwI3wjRnaKPsGj1XkBjx/F96DQ==

ms@2.0.0:
  version "2.0.0"
  resolved "https://registry.yarnpkg.com/ms/-/ms-2.0.0.tgz#5608aeadfc00be6c2901df5f9861788de0d597c8"

path-parse@^1.0.5:
  version "1.0.5"
  resolved "https://registry.yarnpkg.com/path-parse/-/path-parse-1.0.5.tgz#3c1adf871ea9cd6c9431b6ea2bd74a0ff055c4c1"

resolve@^1.3.2:
  version "1.8.1"
  resolved "https://registry.yarnpkg.com/resolve/-/resolve-1.8.1.tgz#82f1ec19a423ac1fbd080b0bab06ba36e84a7a26"
  dependencies:
    path-parse "^1.0.5"

semver@^5.4.1:
  version "5.5.0"
  resolved "https://registry.yarnpkg.com/semver/-/semver-5.5.0.tgz#dc4bbc7a6ca9d916dee5d43516f0092b58f7b8ab"

source-map@^0.5.0:
  version "0.5.7"
  resolved "https://registry.yarnpkg.com/source-map/-/source-map-0.5.7.tgz#8a039d2d1021d22d1ea14c80d8ea468ba2ef3fcc"

supports-color@^5.3.0:
  version "5.4.0"
  resolved "https://registry.yarnpkg.com/supports-color/-/supports-color-5.4.0.tgz#1c6b337402c2137605efe19f10fec390f6faab54"
  dependencies:
    has-flag "^3.0.0"

to-fast-properties@^2.0.0:
  version "2.0.0"
  resolved "https://registry.yarnpkg.com/to-fast-properties/-/to-fast-properties-2.0.0.tgz#dc5e698cbd079265bc73e0377681a4e4e83f616e"

trim-right@^1.0.1:
  version "1.0.1"
  resolved "https://registry.yarnpkg.com/trim-right/-/trim-right-1.0.1.tgz#cb2e1203067e0c8de1f614094b9fe45704ea6003"
